
Microsoft Visual Studio Solution File, Format Version 12.00
# Visual Studio Version 16
VisualStudioVersion = 16.0.31005.135
MinimumVisualStudioVersion = 10.0.40219.1
Project("{8BC9CEB8-8B4A-11D0-8D11-00A0C91BC942}") = "podstawowe struktury", "podstawowe struktury\podstawowe struktury.vcxproj", "{4D09FB64-F0E2-4F18-9EFA-B137BA895725}"
EndProject
Global
	GlobalSection(SolutionConfigurationPlatforms) = preSolution
		Debug|x64 = Debug|x64
		Debug|x86 = Debug|x86
		Release|x64 = Release|x64
		Release|x86 = Release|x86
	EndGlobalSection
	GlobalSection(ProjectConfigurationPlatforms) = postSolution
		{4D09FB64-F0E2-4F18-9EFA-B137BA895725}.Debug|x64.ActiveCfg = Debug|x64
		{4D09FB64-F0E2-4F18-9EFA-B137BA895725}.Debug|x64.Build.0 = Debug|x64
		{4D09FB64-F0E2-4F18-9EFA-B137BA895725}.Debug|x86.ActiveCfg = Debug|Win32
		{4D09FB64-F0E2-4F18-9EFA-B137BA895725}.Debug|x86.Build.0 = Debug|Win32
		{4D09FB64-F0E2-4F18-9EFA-B137BA895725}.Release|x64.ActiveCfg = Release|x64
		{4D09FB64-F0E2-4F18-9EFA-B137BA895725}.Release|x64.Build.0 = Release|x64
		{4D09FB64-F0E2-4F18-9EFA-B137BA895725}.Release|x86.ActiveCfg = Release|Win32
		{4D09FB64-F0E2-4F18-9EFA-B137BA895725}.Release|x86.Build.0 = Release|Win32
	EndGlobalSection
	GlobalSection(SolutionProperties) = preSolution
		HideSolutionNode = FALSE
	EndGlobalSection
	GlobalSection(ExtensibilityGlobals) = postSolution
		SolutionGuid = {3169DE09-C826-49ED-B189-6402D53EDA89}
	EndGlobalSection
EndGlobal
